
Microsoft Visual Studio Solution File, Format Version 12.00
# Visual Studio 15
VisualStudioVersion = 15.0.28010.0
MinimumVisualStudioVersion = 10.0.40219.1
Project("{FAE04EC0-301F-11D3-BF4B-00C04F79EFBC}") = "RefactorizacionMobil.Android", "RefactorizacionMobil\RefactorizacionMobil.Android\RefactorizacionMobil.Android.csproj", "{15B553F2-404C-4E4A-8D7D-47EAC768F006}"
EndProject
Project("{9A19103F-16F7-4668-BE54-9A1E7A4F7556}") = "RefactorizacionMobil", "RefactorizacionMobil\RefactorizacionMobil\RefactorizacionMobil.csproj", "{FE998A2F-781D-4B5E-B791-1DCECCF2005A}"
EndProject
Global
	GlobalSection(SolutionConfigurationPlatforms) = preSolution
		Debug|Any CPU = Debug|Any CPU
		Release|Any CPU = Release|Any CPU
	EndGlobalSection
	GlobalSection(ProjectConfigurationPlatforms) = postSolution
		{15B553F2-404C-4E4A-8D7D-47EAC768F006}.Debug|Any CPU.ActiveCfg = Debug|Any CPU
		{15B553F2-404C-4E4A-8D7D-47EAC768F006}.Debug|Any CPU.Build.0 = Debug|Any CPU
		{15B553F2-404C-4E4A-8D7D-47EAC768F006}.Debug|Any CPU.Deploy.0 = Debug|Any CPU
		{15B553F2-404C-4E4A-8D7D-47EAC768F006}.Release|Any CPU.ActiveCfg = Release|Any CPU
		{15B553F2-404C-4E4A-8D7D-47EAC768F006}.Release|Any CPU.Build.0 = Release|Any CPU
		{15B553F2-404C-4E4A-8D7D-47EAC768F006}.Release|Any CPU.Deploy.0 = Release|Any CPU
		{FE998A2F-781D-4B5E-B791-1DCECCF2005A}.Debug|Any CPU.ActiveCfg = Debug|Any CPU
		{FE998A2F-781D-4B5E-B791-1DCECCF2005A}.Debug|Any CPU.Build.0 = Debug|Any CPU
		{FE998A2F-781D-4B5E-B791-1DCECCF2005A}.Debug|Any CPU.Deploy.0 = Debug|Any CPU
		{FE998A2F-781D-4B5E-B791-1DCECCF2005A}.Release|Any CPU.ActiveCfg = Release|Any CPU
		{FE998A2F-781D-4B5E-B791-1DCECCF2005A}.Release|Any CPU.Build.0 = Release|Any CPU
		{FE998A2F-781D-4B5E-B791-1DCECCF2005A}.Release|Any CPU.Deploy.0 = Release|Any CPU
	EndGlobalSection
	GlobalSection(SolutionProperties) = preSolution
		HideSolutionNode = FALSE
	EndGlobalSection
	GlobalSection(ExtensibilityGlobals) = postSolution
		SolutionGuid = {7B8B8825-5E69-4EB7-BC74-1A5D7C37427D}
	EndGlobalSection
EndGlobal
